// !$*UTF8*$!
{
	archiveVersion = 1;
	classes = {
	};
	objectVersion = 46;
	objects = {

/* Begin PBXBuildFile section */
		72AE0C4F1D6FE2A300792E98 /* AppDelegate.swift in Sources */ = {isa = PBXBuildFile; fileRef = 72AE0C4E1D6FE2A300792E98 /* AppDelegate.swift */; };
		72AE0C511D6FE2A300792E98 /* ViewController.swift in Sources */ = {isa = PBXBuildFile; fileRef = 72AE0C501D6FE2A300792E98 /* ViewController.swift */; };
		72AE0C541D6FE2A300792E98 /* Main.storyboard in Resources */ = {isa = PBXBuildFile; fileRef = 72AE0C521D6FE2A300792E98 /* Main.storyboard */; };
		72AE0C561D6FE2A300792E98 /* Assets.xcassets in Resources */ = {isa = PBXBuildFile; fileRef = 72AE0C551D6FE2A300792E98 /* Assets.xcassets */; };
		72AE0C591D6FE2A300792E98 /* LaunchScreen.storyboard in Resources */ = {isa = PBXBuildFile; fileRef = 72AE0C571D6FE2A300792E98 /* LaunchScreen.storyboard */; };
		72AE0C611D6FE45000792E98 /* Hello-World.png in Resources */ = {isa = PBXBuildFile; fileRef = 72AE0C601D6FE45000792E98 /* Hello-World.png */; };
		72AE0C631D6FE46600792E98 /* Nature-HD-1080P_W5ogvMt.jpg in Resources */ = {isa = PBXBuildFile; fileRef = 72AE0C621D6FE46600792E98 /* Nature-HD-1080P_W5ogvMt.jpg */; };
/* End PBXBuildFile section */

/* Begin PBXFileReference section */
		72AE0C4B1D6FE2A300792E98 /* SJ.app */ = {isa = PBXFileReference; explicitFileType = wrapper.application; includeInIndex = 0; path = SJ.app; sourceTree = BUILT_PRODUCTS_DIR; };
		72AE0C4E1D6FE2A300792E98 /* AppDelegate.swift */ = {isa = PBXFileReference; lastKnownFileType = sourcecode.swift; path = AppDelegate.swift; sourceTree = "<group>"; };
		72AE0C501D6FE2A300792E98 /* ViewController.swift */ = {isa = PBXFileReference; lastKnownFileType = sourcecode.swift; path = ViewController.swift; sourceTree = "<group>"; };
		72AE0C531D6FE2A300792E98 /* Base */ = {isa = PBXFileReference; lastKnownFileType = file.storyboard; name = Base; path = Base.lproj/Main.storyboard; sourceTree = "<group>"; };
		72AE0C551D6FE2A300792E98 /* Assets.xcassets */ = {isa = PBXFileReference; lastKnownFileType = folder.assetcatalog; path = Assets.xcassets; sourceTree = "<group>"; };
		72AE0C581D6FE2A300792E98 /* Base */ = {isa = PBXFileReference; lastKnownFileType = file.storyboard; name = Base; path = Base.lproj/LaunchScreen.storyboard; sourceTree = "<group>"; };
		72AE0C5A1D6FE2A300792E98 /* Info.plist */ = {isa = PBXFileReference; lastKnownFileType = text.plist.xml; path = Info.plist; sourceTree = "<group>"; };
		72AE0C601D6FE45000792E98 /* Hello-World.png */ = {isa = PBXFileReference; lastKnownFileType = image.png; path = "Hello-World.png"; sourceTree = "<group>"; };
		72AE0C621D6FE46600792E98 /* Nature-HD-1080P_W5ogvMt.jpg */ = {isa = PBXFileReference; lastKnownFileType = image.jpeg; path = "Nature-HD-1080P_W5ogvMt.jpg"; sourceTree = "<group>"; };
/* End PBXFileReference section */

/* Begin PBXFrameworksBuildPhase section */
		72AE0C481D6FE2A300792E98 /* Frameworks */ = {
			isa = PBXFrameworksBuildPhase;
			buildActionMask = 2147483647;
			files = (
			);
			runOnlyForDeploymentPostprocessing = 0;
		};
/* End PBXFrameworksBuildPhase section */

/* Begin PBXGroup section */
		72AE0C421D6FE2A300792E98 = {
			isa = PBXGroup;
			children = (
				72AE0C4D1D6FE2A300792E98 /* SJ */,
				72AE0C4C1D6FE2A300792E98 /* Products */,
			);
			sourceTree = "<group>";
		};
		72AE0C4C1D6FE2A300792E98 /* Products */ = {
			isa = PBXGroup;
			children = (
				72AE0C4B1D6FE2A300792E98 /* SJ.app */,
			);
			name = Products;
			sourceTree = "<group>";
		};
		72AE0C4D1D6FE2A300792E98 /* SJ */ = {
			isa = PBXGroup;
			children = (
				72AE0C4E1D6FE2A300792E98 /* AppDelegate.swift */,
				72AE0C501D6FE2A300792E98 /* ViewController.swift */,
				72AE0C521D6FE2A300792E98 /* Main.storyboard */,
				72AE0C551D6FE2A300792E98 /* Assets.xcassets */,
				72AE0C621D6FE46600792E98 /* Nature-HD-1080P_W5ogvMt.jpg */,
				72AE0C601D6FE45000792E98 /* Hello-World.png */,
				72AE0C571D6FE2A300792E98 /* LaunchScreen.storyboard */,
				72AE0C5A1D6FE2A300792E98 /* Info.plist */,
			);
			path = SJ;
			sourceTree = "<group>";
		};
/* End PBXGroup section */

/* Begin PBXNativeTarget section */
		72AE0C4A1D6FE2A300792E98 /* SJ */ = {
			isa = PBXNativeTarget;
			buildConfigurationList = 72AE0C5D1D6FE2A300792E98 /* Build configuration list for PBXNativeTarget "SJ" */;
			buildPhases = (
				72AE0C471D6FE2A300792E98 /* Sources */,
				72AE0C481D6FE2A300792E98 /* Frameworks */,
				72AE0C491D6FE2A300792E98 /* Resources */,
			);
			buildRules = (
			);
			dependencies = (
			);
			name = SJ;
			productName = SJ;
			productReference = 72AE0C4B1D6FE2A300792E98 /* SJ.app */;
			productType = "com.apple.product-type.application";
		};
/* End PBXNativeTarget section */

/* Begin PBXProject section */
		72AE0C431D6FE2A300792E98 /* Project object */ = {
			isa = PBXProject;
			attributes = {
				LastSwiftUpdateCheck = 0730;
				LastUpgradeCheck = 0730;
				ORGANIZATIONNAME = "Sathya Nanda";
				TargetAttributes = {
					72AE0C4A1D6FE2A300792E98 = {
						CreatedOnToolsVersion = 7.3.1;
						DevelopmentTeam = 42GQ5XV249;
					};
				};
			};
			buildConfigurationList = 72AE0C461D6FE2A300792E98 /* Build configuration list for PBXProject "SJ" */;
			compatibilityVersion = "Xcode 3.2";
			developmentRegion = English;
			hasScannedForEncodings = 0;
			knownRegions = (
				en,
				Base,
			);
			mainGroup = 72AE0C421D6FE2A300792E98;
			productRefGroup = 72AE0C4C1D6FE2A300792E98 /* Products */;
			projectDirPath = "";
			projectRoot = "";
			targets = (
				72AE0C4A1D6FE2A300792E98 /* SJ */,
			);
		};
/* End PBXProject section */

/* Begin PBXResourcesBuildPhase section */
		72AE0C491D6FE2A300792E98 /* Resources */ = {
			isa = PBXResourcesBuildPhase;
			buildActionMask = 2147483647;
			files = (
				72AE0C591D6FE2A300792E98 /* LaunchScreen.storyboard in Resources */,
				72AE0C561D6FE2A300792E98 /* Assets.xcassets in Resources */,
				72AE0C541D6FE2A300792E98 /* Main.storyboard in Resources */,
				72AE0C611D6FE45000792E98 /* Hello-World.png in Resources */,
				72AE0C631D6FE46600792E98 /* Nature-HD-1080P_W5ogvMt.jpg in Resources */,
			);
			runOnlyForDeploymentPostprocessing = 0;
		};
/* End PBXResourcesBuildPhase section */

/* Begin PBXSourcesBuildPhase section */
		72AE0C471D6FE2A300792E98 /* Sources */ = {
			isa = PBXSourcesBuildPhase;
			buildActionMask = 2147483647;
			files = (
				72AE0C511D6FE2A300792E98 /* ViewController.swift in Sources */,
				72AE0C4F1D6FE2A300792E98 /* AppDelegate.swift in Sources */,
			);
			runOnlyForDeploymentPostprocessing = 0;
		};
/* End PBXSourcesBuildPhase section */

/* Begin PBXVariantGroup section */
		72AE0C521D6FE2A300792E98 /* Main.storyboard */ = {
			isa = PBXVariantGroup;
			children = (
				72AE0C531D6FE2A300792E98 /* Base */,
			);
			name = Main.storyboard;
			sourceTree = "<group>";
		};
		72AE0C571D6FE2A300792E98 /* LaunchScreen.storyboard */ = {
			isa = PBXVariantGroup;
			children = (
				72AE0C581D6FE2A300792E98 /* Base */,
			);
			name = LaunchScreen.storyboard;
			sourceTree = "<group>";
		};
/* End PBXVariantGroup section */

/* Begin XCBuildConfiguration section */
		72AE0C5B1D6FE2A300792E98 /* Debug */ = {
			isa = XCBuildConfiguration;
			buildSettings = {
				ALWAYS_SEARCH_USER_PATHS = NO;
				CLANG_ANALYZER_NONNULL = YES;
				CLANG_CXX_LANGUAGE_STANDARD = "gnu++0x";
				CLANG_CXX_LIBRARY = "libc++";
				CLANG_ENABLE_MODULES = YES;
				CLANG_ENABLE_OBJC_ARC = YES;
				CLANG_WARN_BOOL_CONVERSION = YES;
				CLANG_WARN_CONSTANT_CONVERSION = YES;
				CLANG_WARN_DIRECT_OBJC_ISA_USAGE = YES_ERROR;
				CLANG_WARN_EMPTY_BODY = YES;
				CLANG_WARN_ENUM_CONVERSION = YES;
				CLANG_WARN_INT_CONVERSION = YES;
				CLANG_WARN_OBJC_ROOT_CLASS = YES_ERROR;
				CLANG_WARN_UNREACHABLE_CODE = YES;
				CLANG_WARN__DUPLICATE_METHOD_MATCH = YES;
				"CODE_SIGN_IDENTITY[sdk=iphoneos*]" = "iPhone Developer";
				COPY_PHASE_STRIP = NO;
				DEBUG_INFORMATION_FORMAT = dwarf;
				ENABLE_STRICT_OBJC_MSGSEND = YES;
				ENABLE_TESTABILITY = YES;
				GCC_C_LANGUAGE_STANDARD = gnu99;
				GCC_DYNAMIC_NO_PIC = NO;
				GCC_NO_COMMON_BLOCKS = YES;
				GCC_OPTIMIZATION_LEVEL = 0;
				GCC_PREPROCESSOR_DEFINITIONS = (
					"DEBUG=1",
					"$(inherited)",
				);
				GCC_WARN_64_TO_32_BIT_CONVERSION = YES;
				GCC_WARN_ABOUT_RETURN_TYPE = YES_ERROR;
				GCC_WARN_UNDECLARED_SELECTOR = YES;
				GCC_WARN_UNINITIALIZED_AUTOS = YES_AGGRESSIVE;
				GCC_WARN_UNUSED_FUNCTION = YES;
				GCC_WARN_UNUSED_VARIABLE = YES;
				IPHONEOS_DEPLOYMENT_TARGET = 9.3;
				MTL_ENABLE_DEBUG_INFO = YES;
				ONLY_ACTIVE_ARCH = YES;
				SDKROOT = iphoneos;
				SWIFT_OPTIMIZATION_LEVEL = "-Onone";
			};
			name = Debug;
		};
		72AE0C5C1D6FE2A300792E98 /* Release */ = {
			isa = XCBuildConfiguration;
			buildSettings = {
				ALWAYS_SEARCH_USER_PATHS = NO;
				CLANG_ANALYZER_NONNULL = YES;
				CLANG_CXX_LANGUAGE_STANDARD = "gnu++0x";
				CLANG_CXX_LIBRARY = "libc++";
				CLANG_ENABLE_MODULES = YES;
				CLANG_ENABLE_OBJC_ARC = YES;
				CLANG_WARN_BOOL_CONVERSION = YES;
				CLANG_WARN_CONSTANT_CONVERSION = YES;
				CLANG_WARN_DIRECT_OBJC_ISA_USAGE = YES_ERROR;
				CLANG_WARN_EMPTY_BODY = YES;
				CLANG_WARN_ENUM_CONVERSION = YES;
				CLANG_WARN_INT_CONVERSION = YES;
				CLANG_WARN_OBJC_ROOT_CLASS = YES_ERROR;
				CLANG_WARN_UNREACHABLE_CODE = YES;
				CLANG_WARN__DUPLICATE_METHOD_MATCH = YES;
				"CODE_SIGN_IDENTITY[sdk=iphoneos*]" = "iPhone Developer";
				COPY_PHASE_STRIP = NO;
				DEBUG_INFORMATION_FORMAT = "dwarf-with-dsym";
				ENABLE_NS_ASSERTIONS = NO;
				ENABLE_STRICT_OBJC_MSGSEND = YES;
				GCC_C_LANGUAGE_STANDARD = gnu99;
				GCC_NO_COMMON_BLOCKS = YES;
				GCC_WARN_64_TO_32_BIT_CONVERSION = YES;
				GCC_WARN_ABOUT_RETURN_TYPE = YES_ERROR;
				GCC_WARN_UNDECLARED_SELECTOR = YES;
				GCC_WARN_UNINITIALIZED_AUTOS = YES_AGGRESSIVE;
				GCC_WARN_UNUSED_FUNCTION = YES;
				GCC_WARN_UNUSED_VARIABLE = YES;
				IPHONEOS_DEPLOYMENT_TARGET = 9.3;
				MTL_ENABLE_DEBUG_INFO = NO;
				SDKROOT = iphoneos;
				VALIDATE_PRODUCT = YES;
			};
			name = Release;
		};
		72AE0C5E1D6FE2A300792E98 /* Debug */ = {
			isa = XCBuildConfiguration;
			buildSettings = {
				ASSETCATALOG_COMPILER_APPICON_NAME = AppIcon;
				CODE_SIGN_IDENTITY = "iPhone Developer";
				INFOPLIST_FILE = SJ/Info.plist;
				LD_RUNPATH_SEARCH_PATHS = "$(inherited) @executable_path/Frameworks";
				PRODUCT_BUNDLE_IDENTIFIER = com.satyaTheHero.SJ;
				PRODUCT_NAME = "$(TARGET_NAME)";
			};
			name = Debug;
		};
		72AE0C5F1D6FE2A300792E98 /* Release */ = {
			isa = XCBuildConfiguration;
			buildSettings = {
				ASSETCATALOG_COMPILER_APPICON_NAME = AppIcon;
				CODE_SIGN_IDENTITY = "iPhone Developer";
				INFOPLIST_FILE = SJ/Info.plist;
				LD_RUNPATH_SEARCH_PATHS = "$(inherited) @executable_path/Frameworks";
				PRODUCT_BUNDLE_IDENTIFIER = com.satyaTheHero.SJ;
				PRODUCT_NAME = "$(TARGET_NAME)";
			};
			name = Release;
		};
/* End XCBuildConfiguration section */

/* Begin XCConfigurationList section */
		72AE0C461D6FE2A300792E98 /* Build configuration list for PBXProject "SJ" */ = {
			isa = XCConfigurationList;
			buildConfigurations = (
				72AE0C5B1D6FE2A300792E98 /* Debug */,
				72AE0C5C1D6FE2A300792E98 /* Release */,
			);
			defaultConfigurationIsVisible = 0;
			defaultConfigurationName = Release;
		};
		72AE0C5D1D6FE2A300792E98 /* Build configuration list for PBXNativeTarget "SJ" */ = {
			isa = XCConfigurationList;
			buildConfigurations = (
				72AE0C5E1D6FE2A300792E98 /* Debug */,
				72AE0C5F1D6FE2A300792E98 /* Release */,
			);
			defaultConfigurationIsVisible = 0;
		};
/* End XCConfigurationList section */
	};
	rootObject = 72AE0C431D6FE2A300792E98 /* Project object */;
}
